
Microsoft Visual Studio Solution File, Format Version 12.00
# Visual Studio 2015
Project("{FAE04EC0-301F-11D3-BF4B-00C04F79EFBC}") = "Pong Invaders", "Pong Invaders.csproj", "{D33BF727-F622-D203-16BA-BEC92ED9BE89}"
EndProject
Global
	GlobalSection(SolutionConfigurationPlatforms) = preSolution
		Debug|Any CPU = Debug|Any CPU
		Release|Any CPU = Release|Any CPU
	EndGlobalSection
	GlobalSection(ProjectConfigurationPlatforms) = postSolution
		{D33BF727-F622-D203-16BA-BEC92ED9BE89}.Debug|Any CPU.ActiveCfg = Debug|Any CPU
		{D33BF727-F622-D203-16BA-BEC92ED9BE89}.Debug|Any CPU.Build.0 = Debug|Any CPU
		{D33BF727-F622-D203-16BA-BEC92ED9BE89}.Release|Any CPU.ActiveCfg = Release|Any CPU
		{D33BF727-F622-D203-16BA-BEC92ED9BE89}.Release|Any CPU.Build.0 = Release|Any CPU
	EndGlobalSection
	GlobalSection(SolutionProperties) = preSolution
		HideSolutionNode = FALSE
	EndGlobalSection
EndGlobal
